// !$*UTF8*$!
{
	archiveVersion = 1;
	classes = {
	};
	objectVersion = 77;
	objects = {

/* Begin PBXBuildFile section */
		A340D0812E684A580062F463 /* CleanArchitecture.framework in Frameworks */ = {isa = PBXBuildFile; fileRef = A346F6872E4AF98A004C768B /* CleanArchitecture.framework */; };
		A346F6912E4AF98A004C768B /* CleanArchitecture.framework in Frameworks */ = {isa = PBXBuildFile; fileRef = A346F6872E4AF98A004C768B /* CleanArchitecture.framework */; };
		A3DBEDEE2E6EA4AB003D1E33 /* CleanArchitectureiOS.framework in Frameworks */ = {isa = PBXBuildFile; fileRef = A3DBEDE52E6EA4AB003D1E33 /* CleanArchitectureiOS.framework */; };
		A3FF09DA2E56E4AF0088CEFF /* CleanArchitecture.framework in Frameworks */ = {isa = PBXBuildFile; fileRef = A346F6872E4AF98A004C768B /* CleanArchitecture.framework */; };
/* End PBXBuildFile section */

/* Begin PBXContainerItemProxy section */
		A340D0822E684A580062F463 /* PBXContainerItemProxy */ = {
			isa = PBXContainerItemProxy;
			containerPortal = A346F67E2E4AF989004C768B /* Project object */;
			proxyType = 1;
			remoteGlobalIDString = A346F6862E4AF98A004C768B;
			remoteInfo = CleanArchitecture;
		};
		A346F6922E4AF98A004C768B /* PBXContainerItemProxy */ = {
			isa = PBXContainerItemProxy;
			containerPortal = A346F67E2E4AF989004C768B /* Project object */;
			proxyType = 1;
			remoteGlobalIDString = A346F6862E4AF98A004C768B;
			remoteInfo = CleanArchitecture;
		};
		A3DBEDEF2E6EA4AB003D1E33 /* PBXContainerItemProxy */ = {
			isa = PBXContainerItemProxy;
			containerPortal = A346F67E2E4AF989004C768B /* Project object */;
			proxyType = 1;
			remoteGlobalIDString = A3DBEDE42E6EA4AB003D1E33;
			remoteInfo = CleanArchitectureiOS;
		};
		A3FF09DB2E56E4AF0088CEFF /* PBXContainerItemProxy */ = {
			isa = PBXContainerItemProxy;
			containerPortal = A346F67E2E4AF989004C768B /* Project object */;
			proxyType = 1;
			remoteGlobalIDString = A346F6862E4AF98A004C768B;
			remoteInfo = CleanArchitecture;
		};
/* End PBXContainerItemProxy section */

/* Begin PBXFileReference section */
		A340D07D2E684A580062F463 /* CleanArchitectureCacheIntegrationTests.xctest */ = {isa = PBXFileReference; explicitFileType = wrapper.cfbundle; includeInIndex = 0; path = CleanArchitectureCacheIntegrationTests.xctest; sourceTree = BUILT_PRODUCTS_DIR; };
		A340D0872E684A960062F463 /* CleanArchitectureCacheIntegrationTests.xctestplan */ = {isa = PBXFileReference; lastKnownFileType = text; path = CleanArchitectureCacheIntegrationTests.xctestplan; sourceTree = "<group>"; };
		A346F6872E4AF98A004C768B /* CleanArchitecture.framework */ = {isa = PBXFileReference; explicitFileType = wrapper.framework; includeInIndex = 0; path = CleanArchitecture.framework; sourceTree = BUILT_PRODUCTS_DIR; };
		A346F6902E4AF98A004C768B /* CleanArchitectureTests.xctest */ = {isa = PBXFileReference; explicitFileType = wrapper.cfbundle; includeInIndex = 0; path = CleanArchitectureTests.xctest; sourceTree = BUILT_PRODUCTS_DIR; };
		A3DBEDE52E6EA4AB003D1E33 /* CleanArchitectureiOS.framework */ = {isa = PBXFileReference; explicitFileType = wrapper.framework; includeInIndex = 0; path = CleanArchitectureiOS.framework; sourceTree = BUILT_PRODUCTS_DIR; };
		A3DBEDED2E6EA4AB003D1E33 /* CleanArchitectureiOSTests.xctest */ = {isa = PBXFileReference; explicitFileType = wrapper.cfbundle; includeInIndex = 0; path = CleanArchitectureiOSTests.xctest; sourceTree = BUILT_PRODUCTS_DIR; };
		A3DBEDFA2E6EA4BC003D1E33 /* CleanArchitectureiOS.xctestplan */ = {isa = PBXFileReference; lastKnownFileType = text; path = CleanArchitectureiOS.xctestplan; sourceTree = "<group>"; };
		A3FF09D12E56D0EC0088CEFF /* CleanArchitecture.xctestplan */ = {isa = PBXFileReference; lastKnownFileType = text; path = CleanArchitecture.xctestplan; sourceTree = "<group>"; };
		A3FF09D62E56E4AF0088CEFF /* CleanArchitectureAPIEndToEndTests.xctest */ = {isa = PBXFileReference; explicitFileType = wrapper.cfbundle; includeInIndex = 0; path = CleanArchitectureAPIEndToEndTests.xctest; sourceTree = BUILT_PRODUCTS_DIR; };
		A3FF09E02E56E5640088CEFF /* CleanArchitectureAPIEndToEndTests.xctestplan */ = {isa = PBXFileReference; lastKnownFileType = text; path = CleanArchitectureAPIEndToEndTests.xctestplan; sourceTree = "<group>"; };
		A3FF09E32E56E6FD0088CEFF /* CI.xctestplan */ = {isa = PBXFileReference; lastKnownFileType = text; path = CI.xctestplan; sourceTree = "<group>"; };
/* End PBXFileReference section */

/* Begin PBXFileSystemSynchronizedBuildFileExceptionSet section */
		A340D0892E684BC10062F463 /* Exceptions for "CleanArchitectureTests" folder in "CleanArchitectureCacheIntegrationTests" target */ = {
			isa = PBXFileSystemSynchronizedBuildFileExceptionSet;
			membershipExceptions = (
				"Feed Cache/Helper/FeedCacheTestHelpers.swift",
				Helpers/SharedTestHelpers.swift,
				"Helpers/XCTestCase+MemoryLeakTracking.swift",
			);
			target = A340D07C2E684A580062F463 /* CleanArchitectureCacheIntegrationTests */;
		};
		A3DBEE7F2E6F2E66003D1E33 /* Exceptions for "CleanArchitectureTests" folder in "CleanArchitectureiOSTests" target */ = {
			isa = PBXFileSystemSynchronizedBuildFileExceptionSet;
			membershipExceptions = (
				"Helpers/XCTestCase+MemoryLeakTracking.swift",
			);
			target = A3DBEDEC2E6EA4AB003D1E33 /* CleanArchitectureiOSTests */;
		};
		A3FF09E22E56E6320088CEFF /* Exceptions for "CleanArchitectureTests" folder in "CleanArchitectureAPIEndToEndTests" target */ = {
			isa = PBXFileSystemSynchronizedBuildFileExceptionSet;
			membershipExceptions = (
				Helpers/SharedTestHelpers.swift,
				"Helpers/XCTestCase+MemoryLeakTracking.swift",
			);
			target = A3FF09D52E56E4AF0088CEFF /* CleanArchitectureAPIEndToEndTests */;
		};
/* End PBXFileSystemSynchronizedBuildFileExceptionSet section */

/* Begin PBXFileSystemSynchronizedRootGroup section */
		A340D07E2E684A580062F463 /* CleanArchitectureCacheIntegrationTests */ = {
			isa = PBXFileSystemSynchronizedRootGroup;
			path = CleanArchitectureCacheIntegrationTests;
			sourceTree = "<group>";
		};
		A346F6892E4AF98A004C768B /* CleanArchitecture */ = {
			isa = PBXFileSystemSynchronizedRootGroup;
			path = CleanArchitecture;
			sourceTree = "<group>";
		};
		A346F6942E4AF98A004C768B /* CleanArchitectureTests */ = {
			isa = PBXFileSystemSynchronizedRootGroup;
			exceptions = (
				A3FF09E22E56E6320088CEFF /* Exceptions for "CleanArchitectureTests" folder in "CleanArchitectureAPIEndToEndTests" target */,
				A340D0892E684BC10062F463 /* Exceptions for "CleanArchitectureTests" folder in "CleanArchitectureCacheIntegrationTests" target */,
				A3DBEE7F2E6F2E66003D1E33 /* Exceptions for "CleanArchitectureTests" folder in "CleanArchitectureiOSTests" target */,
			);
			path = CleanArchitectureTests;
			sourceTree = "<group>";
		};
		A3DBEDE62E6EA4AB003D1E33 /* CleanArchitectureiOS */ = {
			isa = PBXFileSystemSynchronizedRootGroup;
			path = CleanArchitectureiOS;
			sourceTree = "<group>";
		};
		A3DBEDF12E6EA4AB003D1E33 /* CleanArchitectureiOSTests */ = {
			isa = PBXFileSystemSynchronizedRootGroup;
			path = CleanArchitectureiOSTests;
			sourceTree = "<group>";
		};
		A3FF09D72E56E4AF0088CEFF /* CleanArchitectureAPIEndToEndTests */ = {
			isa = PBXFileSystemSynchronizedRootGroup;
			path = CleanArchitectureAPIEndToEndTests;
			sourceTree = "<group>";
		};
/* End PBXFileSystemSynchronizedRootGroup section */

/* Begin PBXFrameworksBuildPhase section */
		A340D07A2E684A580062F463 /* Frameworks */ = {
			isa = PBXFrameworksBuildPhase;
			buildActionMask = 2147483647;
			files = (
				A340D0812E684A580062F463 /* CleanArchitecture.framework in Frameworks */,
			);
			runOnlyForDeploymentPostprocessing = 0;
		};
		A346F6842E4AF98A004C768B /* Frameworks */ = {
			isa = PBXFrameworksBuildPhase;
			buildActionMask = 2147483647;
			files = (
			);
			runOnlyForDeploymentPostprocessing = 0;
		};
		A346F68D2E4AF98A004C768B /* Frameworks */ = {
			isa = PBXFrameworksBuildPhase;
			buildActionMask = 2147483647;
			files = (
				A346F6912E4AF98A004C768B /* CleanArchitecture.framework in Frameworks */,
			);
			runOnlyForDeploymentPostprocessing = 0;
		};
		A3DBEDE22E6EA4AB003D1E33 /* Frameworks */ = {
			isa = PBXFrameworksBuildPhase;
			buildActionMask = 2147483647;
			files = (
			);
			runOnlyForDeploymentPostprocessing = 0;
		};
		A3DBEDEA2E6EA4AB003D1E33 /* Frameworks */ = {
			isa = PBXFrameworksBuildPhase;
			buildActionMask = 2147483647;
			files = (
				A3DBEDEE2E6EA4AB003D1E33 /* CleanArchitectureiOS.framework in Frameworks */,
			);
			runOnlyForDeploymentPostprocessing = 0;
		};
		A3FF09D32E56E4AF0088CEFF /* Frameworks */ = {
			isa = PBXFrameworksBuildPhase;
			buildActionMask = 2147483647;
			files = (
				A3FF09DA2E56E4AF0088CEFF /* CleanArchitecture.framework in Frameworks */,
			);
			runOnlyForDeploymentPostprocessing = 0;
		};
/* End PBXFrameworksBuildPhase section */

/* Begin PBXGroup section */
		A346F67D2E4AF989004C768B = {
			isa = PBXGroup;
			children = (
				A3DBEDFA2E6EA4BC003D1E33 /* CleanArchitectureiOS.xctestplan */,
				A340D0872E684A960062F463 /* CleanArchitectureCacheIntegrationTests.xctestplan */,
				A3FF09E32E56E6FD0088CEFF /* CI.xctestplan */,
				A3FF09E02E56E5640088CEFF /* CleanArchitectureAPIEndToEndTests.xctestplan */,
				A3FF09D12E56D0EC0088CEFF /* CleanArchitecture.xctestplan */,
				A346F6892E4AF98A004C768B /* CleanArchitecture */,
				A346F6942E4AF98A004C768B /* CleanArchitectureTests */,
				A3FF09D72E56E4AF0088CEFF /* CleanArchitectureAPIEndToEndTests */,
				A340D07E2E684A580062F463 /* CleanArchitectureCacheIntegrationTests */,
				A3DBEDE62E6EA4AB003D1E33 /* CleanArchitectureiOS */,
				A3DBEDF12E6EA4AB003D1E33 /* CleanArchitectureiOSTests */,
				A346F6882E4AF98A004C768B /* Products */,
			);
			sourceTree = "<group>";
		};
		A346F6882E4AF98A004C768B /* Products */ = {
			isa = PBXGroup;
			children = (
				A346F6872E4AF98A004C768B /* CleanArchitecture.framework */,
				A346F6902E4AF98A004C768B /* CleanArchitectureTests.xctest */,
				A3FF09D62E56E4AF0088CEFF /* CleanArchitectureAPIEndToEndTests.xctest */,
				A340D07D2E684A580062F463 /* CleanArchitectureCacheIntegrationTests.xctest */,
				A3DBEDE52E6EA4AB003D1E33 /* CleanArchitectureiOS.framework */,
				A3DBEDED2E6EA4AB003D1E33 /* CleanArchitectureiOSTests.xctest */,
			);
			name = Products;
			sourceTree = "<group>";
		};
/* End PBXGroup section */

/* Begin PBXHeadersBuildPhase section */
		A346F6822E4AF98A004C768B /* Headers */ = {
			isa = PBXHeadersBuildPhase;
			buildActionMask = 2147483647;
			files = (
			);
			runOnlyForDeploymentPostprocessing = 0;
		};
		A3DBEDE02E6EA4AB003D1E33 /* Headers */ = {
			isa = PBXHeadersBuildPhase;
			buildActionMask = 2147483647;
			files = (
			);
			runOnlyForDeploymentPostprocessing = 0;
		};
/* End PBXHeadersBuildPhase section */

/* Begin PBXNativeTarget section */
		A340D07C2E684A580062F463 /* CleanArchitectureCacheIntegrationTests */ = {
			isa = PBXNativeTarget;
			buildConfigurationList = A340D0862E684A580062F463 /* Build configuration list for PBXNativeTarget "CleanArchitectureCacheIntegrationTests" */;
			buildPhases = (
				A340D0792E684A580062F463 /* Sources */,
				A340D07A2E684A580062F463 /* Frameworks */,
				A340D07B2E684A580062F463 /* Resources */,
			);
			buildRules = (
			);
			dependencies = (
				A340D0832E684A580062F463 /* PBXTargetDependency */,
			);
			fileSystemSynchronizedGroups = (
				A340D07E2E684A580062F463 /* CleanArchitectureCacheIntegrationTests */,
			);
			name = CleanArchitectureCacheIntegrationTests;
			packageProductDependencies = (
			);
			productName = CleanArchitectureCacheIntegrationTests;
			productReference = A340D07D2E684A580062F463 /* CleanArchitectureCacheIntegrationTests.xctest */;
			productType = "com.apple.product-type.bundle.unit-test";
		};
		A346F6862E4AF98A004C768B /* CleanArchitecture */ = {
			isa = PBXNativeTarget;
			buildConfigurationList = A346F6992E4AF98A004C768B /* Build configuration list for PBXNativeTarget "CleanArchitecture" */;
			buildPhases = (
				A346F6822E4AF98A004C768B /* Headers */,
				A346F6832E4AF98A004C768B /* Sources */,
				A346F6842E4AF98A004C768B /* Frameworks */,
				A346F6852E4AF98A004C768B /* Resources */,
			);
			buildRules = (
			);
			dependencies = (
			);
			fileSystemSynchronizedGroups = (
				A346F6892E4AF98A004C768B /* CleanArchitecture */,
			);
			name = CleanArchitecture;
			packageProductDependencies = (
			);
			productName = CleanArchitecture;
			productReference = A346F6872E4AF98A004C768B /* CleanArchitecture.framework */;
			productType = "com.apple.product-type.framework";
		};
		A346F68F2E4AF98A004C768B /* CleanArchitectureTests */ = {
			isa = PBXNativeTarget;
			buildConfigurationList = A346F69C2E4AF98A004C768B /* Build configuration list for PBXNativeTarget "CleanArchitectureTests" */;
			buildPhases = (
				A346F68C2E4AF98A004C768B /* Sources */,
				A346F68D2E4AF98A004C768B /* Frameworks */,
				A346F68E2E4AF98A004C768B /* Resources */,
			);
			buildRules = (
			);
			dependencies = (
				A346F6932E4AF98A004C768B /* PBXTargetDependency */,
			);
			fileSystemSynchronizedGroups = (
				A346F6942E4AF98A004C768B /* CleanArchitectureTests */,
			);
			name = CleanArchitectureTests;
			packageProductDependencies = (
			);
			productName = CleanArchitectureTests;
			productReference = A346F6902E4AF98A004C768B /* CleanArchitectureTests.xctest */;
			productType = "com.apple.product-type.bundle.unit-test";
		};
		A3DBEDE42E6EA4AB003D1E33 /* CleanArchitectureiOS */ = {
			isa = PBXNativeTarget;
			buildConfigurationList = A3DBEDF42E6EA4AB003D1E33 /* Build configuration list for PBXNativeTarget "CleanArchitectureiOS" */;
			buildPhases = (
				A3DBEDE02E6EA4AB003D1E33 /* Headers */,
				A3DBEDE12E6EA4AB003D1E33 /* Sources */,
				A3DBEDE22E6EA4AB003D1E33 /* Frameworks */,
				A3DBEDE32E6EA4AB003D1E33 /* Resources */,
			);
			buildRules = (
			);
			dependencies = (
			);
			fileSystemSynchronizedGroups = (
				A3DBEDE62E6EA4AB003D1E33 /* CleanArchitectureiOS */,
			);
			name = CleanArchitectureiOS;
			packageProductDependencies = (
			);
			productName = CleanArchitectureiOS;
			productReference = A3DBEDE52E6EA4AB003D1E33 /* CleanArchitectureiOS.framework */;
			productType = "com.apple.product-type.framework";
		};
		A3DBEDEC2E6EA4AB003D1E33 /* CleanArchitectureiOSTests */ = {
			isa = PBXNativeTarget;
			buildConfigurationList = A3DBEDF72E6EA4AB003D1E33 /* Build configuration list for PBXNativeTarget "CleanArchitectureiOSTests" */;
			buildPhases = (
				A3DBEDE92E6EA4AB003D1E33 /* Sources */,
				A3DBEDEA2E6EA4AB003D1E33 /* Frameworks */,
				A3DBEDEB2E6EA4AB003D1E33 /* Resources */,
			);
			buildRules = (
			);
			dependencies = (
				A3DBEDF02E6EA4AB003D1E33 /* PBXTargetDependency */,
			);
			fileSystemSynchronizedGroups = (
				A3DBEDF12E6EA4AB003D1E33 /* CleanArchitectureiOSTests */,
			);
			name = CleanArchitectureiOSTests;
			packageProductDependencies = (
			);
			productName = CleanArchitectureiOSTests;
			productReference = A3DBEDED2E6EA4AB003D1E33 /* CleanArchitectureiOSTests.xctest */;
			productType = "com.apple.product-type.bundle.unit-test";
		};
		A3FF09D52E56E4AF0088CEFF /* CleanArchitectureAPIEndToEndTests */ = {
			isa = PBXNativeTarget;
			buildConfigurationList = A3FF09DD2E56E4AF0088CEFF /* Build configuration list for PBXNativeTarget "CleanArchitectureAPIEndToEndTests" */;
			buildPhases = (
				A3FF09D22E56E4AF0088CEFF /* Sources */,
				A3FF09D32E56E4AF0088CEFF /* Frameworks */,
				A3FF09D42E56E4AF0088CEFF /* Resources */,
			);
			buildRules = (
			);
			dependencies = (
				A3FF09DC2E56E4AF0088CEFF /* PBXTargetDependency */,
			);
			fileSystemSynchronizedGroups = (
				A3FF09D72E56E4AF0088CEFF /* CleanArchitectureAPIEndToEndTests */,
			);
			name = CleanArchitectureAPIEndToEndTests;
			packageProductDependencies = (
			);
			productName = CleanArchitectureAPIEndToEndTests;
			productReference = A3FF09D62E56E4AF0088CEFF /* CleanArchitectureAPIEndToEndTests.xctest */;
			productType = "com.apple.product-type.bundle.unit-test";
		};
/* End PBXNativeTarget section */

/* Begin PBXProject section */
		A346F67E2E4AF989004C768B /* Project object */ = {
			isa = PBXProject;
			attributes = {
				BuildIndependentTargetsInParallel = 1;
				LastSwiftUpdateCheck = 1640;
				LastUpgradeCheck = 1640;
				TargetAttributes = {
					A340D07C2E684A580062F463 = {
						CreatedOnToolsVersion = 16.4;
					};
					A346F6862E4AF98A004C768B = {
						CreatedOnToolsVersion = 16.4;
					};
					A346F68F2E4AF98A004C768B = {
						CreatedOnToolsVersion = 16.4;
						LastSwiftMigration = 1640;
					};
					A3DBEDE42E6EA4AB003D1E33 = {
						CreatedOnToolsVersion = 16.4;
						LastSwiftMigration = 1640;
					};
					A3DBEDEC2E6EA4AB003D1E33 = {
						CreatedOnToolsVersion = 16.4;
						LastSwiftMigration = 1640;
					};
					A3FF09D52E56E4AF0088CEFF = {
						CreatedOnToolsVersion = 16.4;
					};
				};
			};
			buildConfigurationList = A346F6812E4AF989004C768B /* Build configuration list for PBXProject "CleanArchitecture" */;
			developmentRegion = en;
			hasScannedForEncodings = 0;
			knownRegions = (
				en,
				Base,
			);
			mainGroup = A346F67D2E4AF989004C768B;
			minimizedProjectReferenceProxies = 1;
			preferredProjectObjectVersion = 77;
			productRefGroup = A346F6882E4AF98A004C768B /* Products */;
			projectDirPath = "";
			projectRoot = "";
			targets = (
				A346F6862E4AF98A004C768B /* CleanArchitecture */,
				A346F68F2E4AF98A004C768B /* CleanArchitectureTests */,
				A3FF09D52E56E4AF0088CEFF /* CleanArchitectureAPIEndToEndTests */,
				A340D07C2E684A580062F463 /* CleanArchitectureCacheIntegrationTests */,
				A3DBEDE42E6EA4AB003D1E33 /* CleanArchitectureiOS */,
				A3DBEDEC2E6EA4AB003D1E33 /* CleanArchitectureiOSTests */,
			);
		};
/* End PBXProject section */

/* Begin PBXResourcesBuildPhase section */
		A340D07B2E684A580062F463 /* Resources */ = {
			isa = PBXResourcesBuildPhase;
			buildActionMask = 2147483647;
			files = (
			);
			runOnlyForDeploymentPostprocessing = 0;
		};
		A346F6852E4AF98A004C768B /* Resources */ = {
			isa = PBXResourcesBuildPhase;
			buildActionMask = 2147483647;
			files = (
			);
			runOnlyForDeploymentPostprocessing = 0;
		};
		A346F68E2E4AF98A004C768B /* Resources */ = {
			isa = PBXResourcesBuildPhase;
			buildActionMask = 2147483647;
			files = (
			);
			runOnlyForDeploymentPostprocessing = 0;
		};
		A3DBEDE32E6EA4AB003D1E33 /* Resources */ = {
			isa = PBXResourcesBuildPhase;
			buildActionMask = 2147483647;
			files = (
			);
			runOnlyForDeploymentPostprocessing = 0;
		};
		A3DBEDEB2E6EA4AB003D1E33 /* Resources */ = {
			isa = PBXResourcesBuildPhase;
			buildActionMask = 2147483647;
			files = (
			);
			runOnlyForDeploymentPostprocessing = 0;
		};
		A3FF09D42E56E4AF0088CEFF /* Resources */ = {
			isa = PBXResourcesBuildPhase;
			buildActionMask = 2147483647;
			files = (
			);
			runOnlyForDeploymentPostprocessing = 0;
		};
/* End PBXResourcesBuildPhase section */

/* Begin PBXSourcesBuildPhase section */
		A340D0792E684A580062F463 /* Sources */ = {
			isa = PBXSourcesBuildPhase;
			buildActionMask = 2147483647;
			files = (
			);
			runOnlyForDeploymentPostprocessing = 0;
		};
		A346F6832E4AF98A004C768B /* Sources */ = {
			isa = PBXSourcesBuildPhase;
			buildActionMask = 2147483647;
			files = (
			);
			runOnlyForDeploymentPostprocessing = 0;
		};
		A346F68C2E4AF98A004C768B /* Sources */ = {
			isa = PBXSourcesBuildPhase;
			buildActionMask = 2147483647;
			files = (
			);
			runOnlyForDeploymentPostprocessing = 0;
		};
		A3DBEDE12E6EA4AB003D1E33 /* Sources */ = {
			isa = PBXSourcesBuildPhase;
			buildActionMask = 2147483647;
			files = (
			);
			runOnlyForDeploymentPostprocessing = 0;
		};
		A3DBEDE92E6EA4AB003D1E33 /* Sources */ = {
			isa = PBXSourcesBuildPhase;
			buildActionMask = 2147483647;
			files = (
			);
			runOnlyForDeploymentPostprocessing = 0;
		};
		A3FF09D22E56E4AF0088CEFF /* Sources */ = {
			isa = PBXSourcesBuildPhase;
			buildActionMask = 2147483647;
			files = (
			);
			runOnlyForDeploymentPostprocessing = 0;
		};
/* End PBXSourcesBuildPhase section */

/* Begin PBXTargetDependency section */
		A340D0832E684A580062F463 /* PBXTargetDependency */ = {
			isa = PBXTargetDependency;
			target = A346F6862E4AF98A004C768B /* CleanArchitecture */;
			targetProxy = A340D0822E684A580062F463 /* PBXContainerItemProxy */;
		};
		A346F6932E4AF98A004C768B /* PBXTargetDependency */ = {
			isa = PBXTargetDependency;
			target = A346F6862E4AF98A004C768B /* CleanArchitecture */;
			targetProxy = A346F6922E4AF98A004C768B /* PBXContainerItemProxy */;
		};
		A3DBEDF02E6EA4AB003D1E33 /* PBXTargetDependency */ = {
			isa = PBXTargetDependency;
			target = A3DBEDE42E6EA4AB003D1E33 /* CleanArchitectureiOS */;
			targetProxy = A3DBEDEF2E6EA4AB003D1E33 /* PBXContainerItemProxy */;
		};
		A3FF09DC2E56E4AF0088CEFF /* PBXTargetDependency */ = {
			isa = PBXTargetDependency;
			target = A346F6862E4AF98A004C768B /* CleanArchitecture */;
			targetProxy = A3FF09DB2E56E4AF0088CEFF /* PBXContainerItemProxy */;
		};
/* End PBXTargetDependency section */

/* Begin XCBuildConfiguration section */
		A340D0842E684A580062F463 /* Debug */ = {
			isa = XCBuildConfiguration;
			buildSettings = {
				CODE_SIGN_STYLE = Automatic;
				CURRENT_PROJECT_VERSION = 1;
				GENERATE_INFOPLIST_FILE = YES;
				MARKETING_VERSION = 1.0;
				PRODUCT_BUNDLE_IDENTIFIER = com.personal.CleanArchitectureCacheIntegrationTests;
				PRODUCT_NAME = "$(TARGET_NAME)";
				SUPPORTED_PLATFORMS = "macosx iphonesimulator iphoneos";
				SWIFT_EMIT_LOC_STRINGS = NO;
				SWIFT_VERSION = 5.0;
			};
			name = Debug;
		};
		A340D0852E684A580062F463 /* Release */ = {
			isa = XCBuildConfiguration;
			buildSettings = {
				CODE_SIGN_STYLE = Automatic;
				CURRENT_PROJECT_VERSION = 1;
				GENERATE_INFOPLIST_FILE = YES;
				MARKETING_VERSION = 1.0;
				PRODUCT_BUNDLE_IDENTIFIER = com.personal.CleanArchitectureCacheIntegrationTests;
				PRODUCT_NAME = "$(TARGET_NAME)";
				SUPPORTED_PLATFORMS = "macosx iphonesimulator iphoneos";
				SWIFT_EMIT_LOC_STRINGS = NO;
				SWIFT_VERSION = 5.0;
			};
			name = Release;
		};
		A346F6972E4AF98A004C768B /* Debug */ = {
			isa = XCBuildConfiguration;
			buildSettings = {
				ALWAYS_SEARCH_USER_PATHS = NO;
				ASSETCATALOG_COMPILER_GENERATE_SWIFT_ASSET_SYMBOL_EXTENSIONS = YES;
				CLANG_ANALYZER_NONNULL = YES;
				CLANG_ANALYZER_NUMBER_OBJECT_CONVERSION = YES_AGGRESSIVE;
				CLANG_CXX_LANGUAGE_STANDARD = "gnu++20";
				CLANG_ENABLE_MODULES = YES;
				CLANG_ENABLE_OBJC_ARC = YES;
				CLANG_ENABLE_OBJC_WEAK = YES;
				CLANG_WARN_BLOCK_CAPTURE_AUTORELEASING = YES;
				CLANG_WARN_BOOL_CONVERSION = YES;
				CLANG_WARN_COMMA = YES;
				CLANG_WARN_CONSTANT_CONVERSION = YES;
				CLANG_WARN_DEPRECATED_OBJC_IMPLEMENTATIONS = YES;
				CLANG_WARN_DIRECT_OBJC_ISA_USAGE = YES_ERROR;
				CLANG_WARN_DOCUMENTATION_COMMENTS = YES;
				CLANG_WARN_EMPTY_BODY = YES;
				CLANG_WARN_ENUM_CONVERSION = YES;
				CLANG_WARN_INFINITE_RECURSION = YES;
				CLANG_WARN_INT_CONVERSION = YES;
				CLANG_WARN_NON_LITERAL_NULL_CONVERSION = YES;
				CLANG_WARN_OBJC_IMPLICIT_RETAIN_SELF = YES;
				CLANG_WARN_OBJC_LITERAL_CONVERSION = YES;
				CLANG_WARN_OBJC_ROOT_CLASS = YES_ERROR;
				CLANG_WARN_QUOTED_INCLUDE_IN_FRAMEWORK_HEADER = YES;
				CLANG_WARN_RANGE_LOOP_ANALYSIS = YES;
				CLANG_WARN_STRICT_PROTOTYPES = YES;
				CLANG_WARN_SUSPICIOUS_MOVE = YES;
				CLANG_WARN_UNGUARDED_AVAILABILITY = YES_AGGRESSIVE;
				CLANG_WARN_UNREACHABLE_CODE = YES;
				CLANG_WARN__DUPLICATE_METHOD_MATCH = YES;
				COPY_PHASE_STRIP = NO;
				CURRENT_PROJECT_VERSION = 1;
				DEBUG_INFORMATION_FORMAT = dwarf;
				ENABLE_STRICT_OBJC_MSGSEND = YES;
				ENABLE_TESTABILITY = YES;
				ENABLE_USER_SCRIPT_SANDBOXING = YES;
				GCC_C_LANGUAGE_STANDARD = gnu17;
				GCC_DYNAMIC_NO_PIC = NO;
				GCC_NO_COMMON_BLOCKS = YES;
				GCC_OPTIMIZATION_LEVEL = 0;
				GCC_PREPROCESSOR_DEFINITIONS = (
					"DEBUG=1",
					"$(inherited)",
				);
				GCC_WARN_64_TO_32_BIT_CONVERSION = YES;
				GCC_WARN_ABOUT_RETURN_TYPE = YES_ERROR;
				GCC_WARN_UNDECLARED_SELECTOR = YES;
				GCC_WARN_UNINITIALIZED_AUTOS = YES_AGGRESSIVE;
				GCC_WARN_UNUSED_FUNCTION = YES;
				GCC_WARN_UNUSED_VARIABLE = YES;
				LOCALIZATION_PREFERS_STRING_CATALOGS = YES;
				MACOSX_DEPLOYMENT_TARGET = 15.5;
				MTL_ENABLE_DEBUG_INFO = INCLUDE_SOURCE;
				MTL_FAST_MATH = YES;
				ONLY_ACTIVE_ARCH = YES;
				SDKROOT = macosx;
				SWIFT_ACTIVE_COMPILATION_CONDITIONS = "DEBUG $(inherited)";
				SWIFT_OPTIMIZATION_LEVEL = "-Onone";
				VERSIONING_SYSTEM = "apple-generic";
				VERSION_INFO_PREFIX = "";
			};
			name = Debug;
		};
		A346F6982E4AF98A004C768B /* Release */ = {
			isa = XCBuildConfiguration;
			buildSettings = {
				ALWAYS_SEARCH_USER_PATHS = NO;
				ASSETCATALOG_COMPILER_GENERATE_SWIFT_ASSET_SYMBOL_EXTENSIONS = YES;
				CLANG_ANALYZER_NONNULL = YES;
				CLANG_ANALYZER_NUMBER_OBJECT_CONVERSION = YES_AGGRESSIVE;
				CLANG_CXX_LANGUAGE_STANDARD = "gnu++20";
				CLANG_ENABLE_MODULES = YES;
				CLANG_ENABLE_OBJC_ARC = YES;
				CLANG_ENABLE_OBJC_WEAK = YES;
				CLANG_WARN_BLOCK_CAPTURE_AUTORELEASING = YES;
				CLANG_WARN_BOOL_CONVERSION = YES;
				CLANG_WARN_COMMA = YES;
				CLANG_WARN_CONSTANT_CONVERSION = YES;
				CLANG_WARN_DEPRECATED_OBJC_IMPLEMENTATIONS = YES;
				CLANG_WARN_DIRECT_OBJC_ISA_USAGE = YES_ERROR;
				CLANG_WARN_DOCUMENTATION_COMMENTS = YES;
				CLANG_WARN_EMPTY_BODY = YES;
				CLANG_WARN_ENUM_CONVERSION = YES;
				CLANG_WARN_INFINITE_RECURSION = YES;
				CLANG_WARN_INT_CONVERSION = YES;
				CLANG_WARN_NON_LITERAL_NULL_CONVERSION = YES;
				CLANG_WARN_OBJC_IMPLICIT_RETAIN_SELF = YES;
				CLANG_WARN_OBJC_LITERAL_CONVERSION = YES;
				CLANG_WARN_OBJC_ROOT_CLASS = YES_ERROR;
				CLANG_WARN_QUOTED_INCLUDE_IN_FRAMEWORK_HEADER = YES;
				CLANG_WARN_RANGE_LOOP_ANALYSIS = YES;
				CLANG_WARN_STRICT_PROTOTYPES = YES;
				CLANG_WARN_SUSPICIOUS_MOVE = YES;
				CLANG_WARN_UNGUARDED_AVAILABILITY = YES_AGGRESSIVE;
				CLANG_WARN_UNREACHABLE_CODE = YES;
				CLANG_WARN__DUPLICATE_METHOD_MATCH = YES;
				COPY_PHASE_STRIP = NO;
				CURRENT_PROJECT_VERSION = 1;
				DEBUG_INFORMATION_FORMAT = "dwarf-with-dsym";
				ENABLE_NS_ASSERTIONS = NO;
				ENABLE_STRICT_OBJC_MSGSEND = YES;
				ENABLE_USER_SCRIPT_SANDBOXING = YES;
				GCC_C_LANGUAGE_STANDARD = gnu17;
				GCC_NO_COMMON_BLOCKS = YES;
				GCC_WARN_64_TO_32_BIT_CONVERSION = YES;
				GCC_WARN_ABOUT_RETURN_TYPE = YES_ERROR;
				GCC_WARN_UNDECLARED_SELECTOR = YES;
				GCC_WARN_UNINITIALIZED_AUTOS = YES_AGGRESSIVE;
				GCC_WARN_UNUSED_FUNCTION = YES;
				GCC_WARN_UNUSED_VARIABLE = YES;
				LOCALIZATION_PREFERS_STRING_CATALOGS = YES;
				MACOSX_DEPLOYMENT_TARGET = 15.5;
				MTL_ENABLE_DEBUG_INFO = NO;
				MTL_FAST_MATH = YES;
				SDKROOT = macosx;
				SWIFT_COMPILATION_MODE = wholemodule;
				VERSIONING_SYSTEM = "apple-generic";
				VERSION_INFO_PREFIX = "";
			};
			name = Release;
		};
		A346F69A2E4AF98A004C768B /* Debug */ = {
			isa = XCBuildConfiguration;
			buildSettings = {
				BUILD_LIBRARY_FOR_DISTRIBUTION = YES;
				CODE_SIGN_STYLE = Automatic;
				COMBINE_HIDPI_IMAGES = YES;
				CURRENT_PROJECT_VERSION = 1;
				DYLIB_COMPATIBILITY_VERSION = 1;
				DYLIB_CURRENT_VERSION = 1;
				DYLIB_INSTALL_NAME_BASE = "@rpath";
				ENABLE_MODULE_VERIFIER = YES;
				GENERATE_INFOPLIST_FILE = YES;
				INFOPLIST_KEY_NSHumanReadableCopyright = "";
				INSTALL_PATH = "$(LOCAL_LIBRARY_DIR)/Frameworks";
				LD_RUNPATH_SEARCH_PATHS = (
					"$(inherited)",
					"@executable_path/../Frameworks",
					"@loader_path/Frameworks",
				);
				MARKETING_VERSION = 1.0;
				MODULE_VERIFIER_SUPPORTED_LANGUAGES = "objective-c objective-c++";
				MODULE_VERIFIER_SUPPORTED_LANGUAGE_STANDARDS = "gnu17 gnu++20";
				PRODUCT_BUNDLE_IDENTIFIER = com.personal.CleanArchitecture;
				PRODUCT_NAME = "$(TARGET_NAME:c99extidentifier)";
				SKIP_INSTALL = YES;
				SUPPORTED_PLATFORMS = "macosx iphonesimulator iphoneos";
				SWIFT_EMIT_LOC_STRINGS = YES;
				SWIFT_INSTALL_MODULE = YES;
				SWIFT_INSTALL_OBJC_HEADER = NO;
				SWIFT_VERSION = 5.0;
			};
			name = Debug;
		};
		A346F69B2E4AF98A004C768B /* Release */ = {
			isa = XCBuildConfiguration;
			buildSettings = {
				BUILD_LIBRARY_FOR_DISTRIBUTION = YES;
				CODE_SIGN_STYLE = Automatic;
				COMBINE_HIDPI_IMAGES = YES;
				CURRENT_PROJECT_VERSION = 1;
				DYLIB_COMPATIBILITY_VERSION = 1;
				DYLIB_CURRENT_VERSION = 1;
				DYLIB_INSTALL_NAME_BASE = "@rpath";
				ENABLE_MODULE_VERIFIER = YES;
				GENERATE_INFOPLIST_FILE = YES;
				INFOPLIST_KEY_NSHumanReadableCopyright = "";
				INSTALL_PATH = "$(LOCAL_LIBRARY_DIR)/Frameworks";
				LD_RUNPATH_SEARCH_PATHS = (
					"$(inherited)",
					"@executable_path/../Frameworks",
					"@loader_path/Frameworks",
				);
				MARKETING_VERSION = 1.0;
				MODULE_VERIFIER_SUPPORTED_LANGUAGES = "objective-c objective-c++";
				MODULE_VERIFIER_SUPPORTED_LANGUAGE_STANDARDS = "gnu17 gnu++20";
				PRODUCT_BUNDLE_IDENTIFIER = com.personal.CleanArchitecture;
				PRODUCT_NAME = "$(TARGET_NAME:c99extidentifier)";
				SKIP_INSTALL = YES;
				SUPPORTED_PLATFORMS = "macosx iphonesimulator iphoneos";
				SWIFT_EMIT_LOC_STRINGS = YES;
				SWIFT_INSTALL_MODULE = YES;
				SWIFT_INSTALL_OBJC_HEADER = NO;
				SWIFT_VERSION = 5.0;
			};
			name = Release;
		};
		A346F69D2E4AF98A004C768B /* Debug */ = {
			isa = XCBuildConfiguration;
			buildSettings = {
				CLANG_ENABLE_MODULES = YES;
				CODE_SIGN_STYLE = Automatic;
				CURRENT_PROJECT_VERSION = 1;
				GENERATE_INFOPLIST_FILE = YES;
				MARKETING_VERSION = 1.0;
				PRODUCT_BUNDLE_IDENTIFIER = com.personal.CleanArchitectureTests;
				PRODUCT_NAME = "$(TARGET_NAME)";
				SUPPORTED_PLATFORMS = "macosx iphonesimulator iphoneos";
				SWIFT_EMIT_LOC_STRINGS = NO;
				SWIFT_OBJC_BRIDGING_HEADER = "CleanArchitectureTests/CleanArchitectureTests-Bridging-Header.h";
				SWIFT_OPTIMIZATION_LEVEL = "-Onone";
				SWIFT_VERSION = 5.0;
			};
			name = Debug;
		};
		A346F69E2E4AF98A004C768B /* Release */ = {
			isa = XCBuildConfiguration;
			buildSettings = {
				CLANG_ENABLE_MODULES = YES;
				CODE_SIGN_STYLE = Automatic;
				CURRENT_PROJECT_VERSION = 1;
				GENERATE_INFOPLIST_FILE = YES;
				MARKETING_VERSION = 1.0;
				PRODUCT_BUNDLE_IDENTIFIER = com.personal.CleanArchitectureTests;
				PRODUCT_NAME = "$(TARGET_NAME)";
				SUPPORTED_PLATFORMS = "macosx iphonesimulator iphoneos";
				SWIFT_EMIT_LOC_STRINGS = NO;
				SWIFT_OBJC_BRIDGING_HEADER = "CleanArchitectureTests/CleanArchitectureTests-Bridging-Header.h";
				SWIFT_VERSION = 5.0;
			};
			name = Release;
		};
		A3DBEDF52E6EA4AB003D1E33 /* Debug */ = {
			isa = XCBuildConfiguration;
			buildSettings = {
				BUILD_LIBRARY_FOR_DISTRIBUTION = YES;
				CLANG_ENABLE_MODULES = YES;
				CODE_SIGN_STYLE = Automatic;
				CURRENT_PROJECT_VERSION = 1;
				DEFINES_MODULE = YES;
				DEVELOPMENT_TEAM = 739KSRF249;
				DYLIB_COMPATIBILITY_VERSION = 1;
				DYLIB_CURRENT_VERSION = 1;
				DYLIB_INSTALL_NAME_BASE = "@rpath";
				ENABLE_MODULE_VERIFIER = YES;
				GENERATE_INFOPLIST_FILE = YES;
				INFOPLIST_KEY_NSHumanReadableCopyright = "";
				INSTALL_PATH = "$(LOCAL_LIBRARY_DIR)/Frameworks";
				IPHONEOS_DEPLOYMENT_TARGET = 18.5;
				LD_RUNPATH_SEARCH_PATHS = (
					"$(inherited)",
					"@executable_path/Frameworks",
					"@loader_path/Frameworks",
				);
				MARKETING_VERSION = 1.0;
				MODULE_VERIFIER_SUPPORTED_LANGUAGES = "objective-c objective-c++";
				MODULE_VERIFIER_SUPPORTED_LANGUAGE_STANDARDS = "gnu17 gnu++20";
				PRODUCT_BUNDLE_IDENTIFIER = com.personal.CleanArchitectureiOS;
				PRODUCT_NAME = "$(TARGET_NAME:c99extidentifier)";
				SDKROOT = iphoneos;
				SKIP_INSTALL = YES;
				SWIFT_EMIT_LOC_STRINGS = YES;
				SWIFT_INSTALL_MODULE = YES;
				SWIFT_INSTALL_OBJC_HEADER = NO;
				SWIFT_OPTIMIZATION_LEVEL = "-Onone";
				SWIFT_VERSION = 5.0;
				TARGETED_DEVICE_FAMILY = "1,2";
			};
			name = Debug;
		};
		A3DBEDF62E6EA4AB003D1E33 /* Release */ = {
			isa = XCBuildConfiguration;
			buildSettings = {
				BUILD_LIBRARY_FOR_DISTRIBUTION = YES;
				CLANG_ENABLE_MODULES = YES;
				CODE_SIGN_STYLE = Automatic;
				CURRENT_PROJECT_VERSION = 1;
				DEFINES_MODULE = YES;
				DEVELOPMENT_TEAM = 739KSRF249;
				DYLIB_COMPATIBILITY_VERSION = 1;
				DYLIB_CURRENT_VERSION = 1;
				DYLIB_INSTALL_NAME_BASE = "@rpath";
				ENABLE_MODULE_VERIFIER = YES;
				GENERATE_INFOPLIST_FILE = YES;
				INFOPLIST_KEY_NSHumanReadableCopyright = "";
				INSTALL_PATH = "$(LOCAL_LIBRARY_DIR)/Frameworks";
				IPHONEOS_DEPLOYMENT_TARGET = 18.5;
				LD_RUNPATH_SEARCH_PATHS = (
					"$(inherited)",
					"@executable_path/Frameworks",
					"@loader_path/Frameworks",
				);
				MARKETING_VERSION = 1.0;
				MODULE_VERIFIER_SUPPORTED_LANGUAGES = "objective-c objective-c++";
				MODULE_VERIFIER_SUPPORTED_LANGUAGE_STANDARDS = "gnu17 gnu++20";
				PRODUCT_BUNDLE_IDENTIFIER = com.personal.CleanArchitectureiOS;
				PRODUCT_NAME = "$(TARGET_NAME:c99extidentifier)";
				SDKROOT = iphoneos;
				SKIP_INSTALL = YES;
				SWIFT_EMIT_LOC_STRINGS = YES;
				SWIFT_INSTALL_MODULE = YES;
				SWIFT_INSTALL_OBJC_HEADER = NO;
				SWIFT_VERSION = 5.0;
				TARGETED_DEVICE_FAMILY = "1,2";
				VALIDATE_PRODUCT = YES;
			};
			name = Release;
		};
		A3DBEDF82E6EA4AB003D1E33 /* Debug */ = {
			isa = XCBuildConfiguration;
			buildSettings = {
				CLANG_ENABLE_MODULES = YES;
				CODE_SIGN_STYLE = Automatic;
				CURRENT_PROJECT_VERSION = 1;
				DEVELOPMENT_TEAM = 739KSRF249;
				GENERATE_INFOPLIST_FILE = YES;
				IPHONEOS_DEPLOYMENT_TARGET = 18.5;
				MARKETING_VERSION = 1.0;
				PRODUCT_BUNDLE_IDENTIFIER = com.personal.CleanArchitectureiOSTests;
				PRODUCT_NAME = "$(TARGET_NAME)";
				SDKROOT = iphoneos;
				SWIFT_EMIT_LOC_STRINGS = NO;
				SWIFT_OPTIMIZATION_LEVEL = "-Onone";
				SWIFT_VERSION = 5.0;
				TARGETED_DEVICE_FAMILY = "1,2";
			};
			name = Debug;
		};
		A3DBEDF92E6EA4AB003D1E33 /* Release */ = {
			isa = XCBuildConfiguration;
			buildSettings = {
				CLANG_ENABLE_MODULES = YES;
				CODE_SIGN_STYLE = Automatic;
				CURRENT_PROJECT_VERSION = 1;
				DEVELOPMENT_TEAM = 739KSRF249;
				GENERATE_INFOPLIST_FILE = YES;
				IPHONEOS_DEPLOYMENT_TARGET = 18.5;
				MARKETING_VERSION = 1.0;
				PRODUCT_BUNDLE_IDENTIFIER = com.personal.CleanArchitectureiOSTests;
				PRODUCT_NAME = "$(TARGET_NAME)";
				SDKROOT = iphoneos;
				SWIFT_EMIT_LOC_STRINGS = NO;
				SWIFT_VERSION = 5.0;
				TARGETED_DEVICE_FAMILY = "1,2";
				VALIDATE_PRODUCT = YES;
			};
			name = Release;
		};
		A3FF09DE2E56E4AF0088CEFF /* Debug */ = {
			isa = XCBuildConfiguration;
			buildSettings = {
				CODE_SIGN_STYLE = Automatic;
				CURRENT_PROJECT_VERSION = 1;
				GENERATE_INFOPLIST_FILE = YES;
				MARKETING_VERSION = 1.0;
				PRODUCT_BUNDLE_IDENTIFIER = com.personal.CleanArchitectureAPIEndToEndTests;
				PRODUCT_NAME = "$(TARGET_NAME)";
				SUPPORTED_PLATFORMS = "macosx iphonesimulator iphoneos";
				SWIFT_EMIT_LOC_STRINGS = NO;
				SWIFT_VERSION = 5.0;
			};
			name = Debug;
		};
		A3FF09DF2E56E4AF0088CEFF /* Release */ = {
			isa = XCBuildConfiguration;
			buildSettings = {
				CODE_SIGN_STYLE = Automatic;
				CURRENT_PROJECT_VERSION = 1;
				GENERATE_INFOPLIST_FILE = YES;
				MARKETING_VERSION = 1.0;
				PRODUCT_BUNDLE_IDENTIFIER = com.personal.CleanArchitectureAPIEndToEndTests;
				PRODUCT_NAME = "$(TARGET_NAME)";
				SUPPORTED_PLATFORMS = "macosx iphonesimulator iphoneos";
				SWIFT_EMIT_LOC_STRINGS = NO;
				SWIFT_VERSION = 5.0;
			};
			name = Release;
		};
/* End XCBuildConfiguration section */

/* Begin XCConfigurationList section */
		A340D0862E684A580062F463 /* Build configuration list for PBXNativeTarget "CleanArchitectureCacheIntegrationTests" */ = {
			isa = XCConfigurationList;
			buildConfigurations = (
				A340D0842E684A580062F463 /* Debug */,
				A340D0852E684A580062F463 /* Release */,
			);
			defaultConfigurationIsVisible = 0;
			defaultConfigurationName = Release;
		};
		A346F6812E4AF989004C768B /* Build configuration list for PBXProject "CleanArchitecture" */ = {
			isa = XCConfigurationList;
			buildConfigurations = (
				A346F6972E4AF98A004C768B /* Debug */,
				A346F6982E4AF98A004C768B /* Release */,
			);
			defaultConfigurationIsVisible = 0;
			defaultConfigurationName = Release;
		};
		A346F6992E4AF98A004C768B /* Build configuration list for PBXNativeTarget "CleanArchitecture" */ = {
			isa = XCConfigurationList;
			buildConfigurations = (
				A346F69A2E4AF98A004C768B /* Debug */,
				A346F69B2E4AF98A004C768B /* Release */,
			);
			defaultConfigurationIsVisible = 0;
			defaultConfigurationName = Release;
		};
		A346F69C2E4AF98A004C768B /* Build configuration list for PBXNativeTarget "CleanArchitectureTests" */ = {
			isa = XCConfigurationList;
			buildConfigurations = (
				A346F69D2E4AF98A004C768B /* Debug */,
				A346F69E2E4AF98A004C768B /* Release */,
			);
			defaultConfigurationIsVisible = 0;
			defaultConfigurationName = Release;
		};
		A3DBEDF42E6EA4AB003D1E33 /* Build configuration list for PBXNativeTarget "CleanArchitectureiOS" */ = {
			isa = XCConfigurationList;
			buildConfigurations = (
				A3DBEDF52E6EA4AB003D1E33 /* Debug */,
				A3DBEDF62E6EA4AB003D1E33 /* Release */,
			);
			defaultConfigurationIsVisible = 0;
			defaultConfigurationName = Release;
		};
		A3DBEDF72E6EA4AB003D1E33 /* Build configuration list for PBXNativeTarget "CleanArchitectureiOSTests" */ = {
			isa = XCConfigurationList;
			buildConfigurations = (
				A3DBEDF82E6EA4AB003D1E33 /* Debug */,
				A3DBEDF92E6EA4AB003D1E33 /* Release */,
			);
			defaultConfigurationIsVisible = 0;
			defaultConfigurationName = Release;
		};
		A3FF09DD2E56E4AF0088CEFF /* Build configuration list for PBXNativeTarget "CleanArchitectureAPIEndToEndTests" */ = {
			isa = XCConfigurationList;
			buildConfigurations = (
				A3FF09DE2E56E4AF0088CEFF /* Debug */,
				A3FF09DF2E56E4AF0088CEFF /* Release */,
			);
			defaultConfigurationIsVisible = 0;
			defaultConfigurationName = Release;
		};
/* End XCConfigurationList section */
	};
	rootObject = A346F67E2E4AF989004C768B /* Project object */;
}
